
Microsoft Visual Studio Solution File, Format Version 12.00
# Visual Studio Version 17
VisualStudioVersion = 17.3.32819.101
MinimumVisualStudioVersion = 10.0.40219.1
Project("{FAE04EC0-301F-11D3-BF4B-00C04F79EFBC}") = "Project NSS", "Project NSS\Project NSS.csproj", "{C703DB7E-2D5A-4129-9EE7-AB272DA48569}"
EndProject
Global
	GlobalSection(SolutionConfigurationPlatforms) = preSolution
		Debug|Any CPU = Debug|Any CPU
		Release|Any CPU = Release|Any CPU
	EndGlobalSection
	GlobalSection(ProjectConfigurationPlatforms) = postSolution
		{C703DB7E-2D5A-4129-9EE7-AB272DA48569}.Debug|Any CPU.ActiveCfg = Debug|Any CPU
		{C703DB7E-2D5A-4129-9EE7-AB272DA48569}.Debug|Any CPU.Build.0 = Debug|Any CPU
		{C703DB7E-2D5A-4129-9EE7-AB272DA48569}.Release|Any CPU.ActiveCfg = Release|Any CPU
		{C703DB7E-2D5A-4129-9EE7-AB272DA48569}.Release|Any CPU.Build.0 = Release|Any CPU
	EndGlobalSection
	GlobalSection(SolutionProperties) = preSolution
		HideSolutionNode = FALSE
	EndGlobalSection
	GlobalSection(ExtensibilityGlobals) = postSolution
		SolutionGuid = {855C4D61-5377-4D13-B6C3-0D090FC854ED}
	EndGlobalSection
EndGlobal
